
Microsoft Visual Studio Solution File, Format Version 12.00
# Visual Studio Version 17
VisualStudioVersion = 17.13.35913.81 d17.13
MinimumVisualStudioVersion = 10.0.40219.1
Project("{FAE04EC0-301F-11D3-BF4B-00C04F79EFBC}") = "lab3kg", "lab3kg.csproj", "{03539175-72CA-66A6-AA29-3DBA6CA0FADC}"
EndProject
Global
	GlobalSection(SolutionConfigurationPlatforms) = preSolution
		Debug|Any CPU = Debug|Any CPU
		Release|Any CPU = Release|Any CPU
	EndGlobalSection
	GlobalSection(ProjectConfigurationPlatforms) = postSolution
		{03539175-72CA-66A6-AA29-3DBA6CA0FADC}.Debug|Any CPU.ActiveCfg = Debug|Any CPU
		{03539175-72CA-66A6-AA29-3DBA6CA0FADC}.Debug|Any CPU.Build.0 = Debug|Any CPU
		{03539175-72CA-66A6-AA29-3DBA6CA0FADC}.Release|Any CPU.ActiveCfg = Release|Any CPU
		{03539175-72CA-66A6-AA29-3DBA6CA0FADC}.Release|Any CPU.Build.0 = Release|Any CPU
	EndGlobalSection
	GlobalSection(SolutionProperties) = preSolution
		HideSolutionNode = FALSE
	EndGlobalSection
	GlobalSection(ExtensibilityGlobals) = postSolution
		SolutionGuid = {27792B0F-121D-47E7-B334-B49945730B7D}
	EndGlobalSection
EndGlobal
